
Microsoft Visual Studio Solution File, Format Version 12.00
# Visual Studio 14
VisualStudioVersion = 14.0.25420.1
MinimumVisualStudioVersion = 10.0.40219.1
Project("{FAE04EC0-301F-11D3-BF4B-00C04F79EFBC}") = "InkHeart.BLL", "InkHeart.BLL\InkHeart.BLL.csproj", "{4133A9B3-7124-4955-ABB2-70015575507A}"
EndProject
Project("{FAE04EC0-301F-11D3-BF4B-00C04F79EFBC}") = "InkHeart.Model", "InkHeart.Model\InkHeart.Model.csproj", "{78CAF233-2AF8-4332-8BE5-C7C9B7524208}"
EndProject
Project("{FAE04EC0-301F-11D3-BF4B-00C04F79EFBC}") = "InkHeart.IBLL", "InkHeart.IBLL\InkHeart.IBLL.csproj", "{B83055C1-A874-41E0-9C6C-DCDFD410DAA1}"
EndProject
Project("{FAE04EC0-301F-11D3-BF4B-00C04F79EFBC}") = "InkHeart.IDAL", "InkHeart.IDAL\InkHeart.IDAL.csproj", "{7B8BE1C9-F643-4D7C-B8E5-FF344B09331F}"
EndProject
Project("{FAE04EC0-301F-11D3-BF4B-00C04F79EFBC}") = "InkHeart.Common", "InkHeart.Common\InkHeart.Common.csproj", "{B50B2411-82FC-4266-8307-1AFDC47623EB}"
EndProject
Project("{FAE04EC0-301F-11D3-BF4B-00C04F79EFBC}") = "InkHeart.DALFactory", "InkHeart.DALFactory\InkHeart.DALFactory.csproj", "{7DBBCD03-6BFE-4770-82F9-E3C0C5146768}"
EndProject
Project("{FAE04EC0-301F-11D3-BF4B-00C04F79EFBC}") = "InkHeart.EFDAL", "InkHeart.EFDAL\InkHeart.EFDAL.csproj", "{A34A5572-8F89-4F8E-B175-DC230F5846EA}"
EndProject
Project("{FAE04EC0-301F-11D3-BF4B-00C04F79EFBC}") = "InkHeart.UI", "InkHeart.UI\InkHeart.UI.csproj", "{5FB76F66-8CEF-46FD-820C-14A3C17616F5}"
EndProject
Project("{FAE04EC0-301F-11D3-BF4B-00C04F79EFBC}") = "InkHeartUnitTest", "InkHeartUnitTest\InkHeartUnitTest.csproj", "{A4A53CF4-FEC0-4CAC-876C-66CEAE4201C9}"
EndProject
Global
	GlobalSection(SolutionConfigurationPlatforms) = preSolution
		Debug|Any CPU = Debug|Any CPU
		Release|Any CPU = Release|Any CPU
	EndGlobalSection
	GlobalSection(ProjectConfigurationPlatforms) = postSolution
		{4133A9B3-7124-4955-ABB2-70015575507A}.Debug|Any CPU.ActiveCfg = Debug|Any CPU
		{4133A9B3-7124-4955-ABB2-70015575507A}.Debug|Any CPU.Build.0 = Debug|Any CPU
		{4133A9B3-7124-4955-ABB2-70015575507A}.Release|Any CPU.ActiveCfg = Release|Any CPU
		{4133A9B3-7124-4955-ABB2-70015575507A}.Release|Any CPU.Build.0 = Release|Any CPU
		{78CAF233-2AF8-4332-8BE5-C7C9B7524208}.Debug|Any CPU.ActiveCfg = Debug|Any CPU
		{78CAF233-2AF8-4332-8BE5-C7C9B7524208}.Debug|Any CPU.Build.0 = Debug|Any CPU
		{78CAF233-2AF8-4332-8BE5-C7C9B7524208}.Release|Any CPU.ActiveCfg = Release|Any CPU
		{78CAF233-2AF8-4332-8BE5-C7C9B7524208}.Release|Any CPU.Build.0 = Release|Any CPU
		{B83055C1-A874-41E0-9C6C-DCDFD410DAA1}.Debug|Any CPU.ActiveCfg = Debug|Any CPU
		{B83055C1-A874-41E0-9C6C-DCDFD410DAA1}.Debug|Any CPU.Build.0 = Debug|Any CPU
		{B83055C1-A874-41E0-9C6C-DCDFD410DAA1}.Release|Any CPU.ActiveCfg = Release|Any CPU
		{B83055C1-A874-41E0-9C6C-DCDFD410DAA1}.Release|Any CPU.Build.0 = Release|Any CPU
		{7B8BE1C9-F643-4D7C-B8E5-FF344B09331F}.Debug|Any CPU.ActiveCfg = Debug|Any CPU
		{7B8BE1C9-F643-4D7C-B8E5-FF344B09331F}.Debug|Any CPU.Build.0 = Debug|Any CPU
		{7B8BE1C9-F643-4D7C-B8E5-FF344B09331F}.Release|Any CPU.ActiveCfg = Release|Any CPU
		{7B8BE1C9-F643-4D7C-B8E5-FF344B09331F}.Release|Any CPU.Build.0 = Release|Any CPU
		{B50B2411-82FC-4266-8307-1AFDC47623EB}.Debug|Any CPU.ActiveCfg = Debug|Any CPU
		{B50B2411-82FC-4266-8307-1AFDC47623EB}.Debug|Any CPU.Build.0 = Debug|Any CPU
		{B50B2411-82FC-4266-8307-1AFDC47623EB}.Release|Any CPU.ActiveCfg = Release|Any CPU
		{B50B2411-82FC-4266-8307-1AFDC47623EB}.Release|Any CPU.Build.0 = Release|Any CPU
		{7DBBCD03-6BFE-4770-82F9-E3C0C5146768}.Debug|Any CPU.ActiveCfg = Debug|Any CPU
		{7DBBCD03-6BFE-4770-82F9-E3C0C5146768}.Debug|Any CPU.Build.0 = Debug|Any CPU
		{7DBBCD03-6BFE-4770-82F9-E3C0C5146768}.Release|Any CPU.ActiveCfg = Release|Any CPU
		{7DBBCD03-6BFE-4770-82F9-E3C0C5146768}.Release|Any CPU.Build.0 = Release|Any CPU
		{A34A5572-8F89-4F8E-B175-DC230F5846EA}.Debug|Any CPU.ActiveCfg = Debug|Any CPU
		{A34A5572-8F89-4F8E-B175-DC230F5846EA}.Debug|Any CPU.Build.0 = Debug|Any CPU
		{A34A5572-8F89-4F8E-B175-DC230F5846EA}.Release|Any CPU.ActiveCfg = Release|Any CPU
		{A34A5572-8F89-4F8E-B175-DC230F5846EA}.Release|Any CPU.Build.0 = Release|Any CPU
		{5FB76F66-8CEF-46FD-820C-14A3C17616F5}.Debug|Any CPU.ActiveCfg = Debug|Any CPU
		{5FB76F66-8CEF-46FD-820C-14A3C17616F5}.Debug|Any CPU.Build.0 = Debug|Any CPU
		{5FB76F66-8CEF-46FD-820C-14A3C17616F5}.Release|Any CPU.ActiveCfg = Release|Any CPU
		{5FB76F66-8CEF-46FD-820C-14A3C17616F5}.Release|Any CPU.Build.0 = Release|Any CPU
		{A4A53CF4-FEC0-4CAC-876C-66CEAE4201C9}.Debug|Any CPU.ActiveCfg = Debug|Any CPU
		{A4A53CF4-FEC0-4CAC-876C-66CEAE4201C9}.Debug|Any CPU.Build.0 = Debug|Any CPU
		{A4A53CF4-FEC0-4CAC-876C-66CEAE4201C9}.Release|Any CPU.ActiveCfg = Release|Any CPU
		{A4A53CF4-FEC0-4CAC-876C-66CEAE4201C9}.Release|Any CPU.Build.0 = Release|Any CPU
	EndGlobalSection
	GlobalSection(SolutionProperties) = preSolution
		HideSolutionNode = FALSE
	EndGlobalSection
EndGlobal
